// !$*UTF8*$!
{
	archiveVersion = 1;
	classes = {
	};
	objectVersion = 46;
	objects = {

/* Begin PBXBuildFile section */
		BF8AE3E61BDF664700362E86 /* VCTSocketLogic.cpp in Sources */ = {isa = PBXBuildFile; fileRef = BF8AE3E41BDF664700362E86 /* VCTSocketLogic.cpp */; };
		BFA2DA671B907FF200BC56A0 /* main.cpp in Sources */ = {isa = PBXBuildFile; fileRef = BFA2DA661B907FF200BC56A0 /* main.cpp */; };
		BFA2DA821B90803E00BC56A0 /* VCTSocket.cpp in Sources */ = {isa = PBXBuildFile; fileRef = BFA2DA801B90803E00BC56A0 /* VCTSocket.cpp */; };
		BFA746E11B95CB1500DC7B68 /* VCTSocketThread.cpp in Sources */ = {isa = PBXBuildFile; fileRef = BFA746DF1B95CB1500DC7B68 /* VCTSocketThread.cpp */; };
		BFA746E41B95CB9000DC7B68 /* VCTPackage.cpp in Sources */ = {isa = PBXBuildFile; fileRef = BFA746E21B95CB9000DC7B68 /* VCTPackage.cpp */; };
/* End PBXBuildFile section */

/* Begin PBXCopyFilesBuildPhase section */
		BFA2DA611B907FF200BC56A0 /* CopyFiles */ = {
			isa = PBXCopyFilesBuildPhase;
			buildActionMask = 2147483647;
			dstPath = /usr/share/man/man1/;
			dstSubfolderSpec = 0;
			files = (
			);
			runOnlyForDeploymentPostprocessing = 1;
		};
/* End PBXCopyFilesBuildPhase section */

/* Begin PBXFileReference section */
		BF8AE3E41BDF664700362E86 /* VCTSocketLogic.cpp */ = {isa = PBXFileReference; fileEncoding = 4; lastKnownFileType = sourcecode.cpp.cpp; path = VCTSocketLogic.cpp; sourceTree = "<group>"; };
		BF8AE3E51BDF664700362E86 /* VCTSocketLogic.h */ = {isa = PBXFileReference; fileEncoding = 4; lastKnownFileType = sourcecode.c.h; path = VCTSocketLogic.h; sourceTree = "<group>"; };
		BFA2DA631B907FF200BC56A0 /* VCTSocketClient */ = {isa = PBXFileReference; explicitFileType = "compiled.mach-o.executable"; includeInIndex = 0; path = VCTSocketClient; sourceTree = BUILT_PRODUCTS_DIR; };
		BFA2DA661B907FF200BC56A0 /* main.cpp */ = {isa = PBXFileReference; lastKnownFileType = sourcecode.cpp.cpp; path = main.cpp; sourceTree = "<group>"; };
		BFA2DA801B90803E00BC56A0 /* VCTSocket.cpp */ = {isa = PBXFileReference; fileEncoding = 4; lastKnownFileType = sourcecode.cpp.cpp; path = VCTSocket.cpp; sourceTree = "<group>"; };
		BFA2DA811B90803E00BC56A0 /* VCTSocket.h */ = {isa = PBXFileReference; fileEncoding = 4; lastKnownFileType = sourcecode.c.h; path = VCTSocket.h; sourceTree = "<group>"; };
		BFA746DF1B95CB1500DC7B68 /* VCTSocketThread.cpp */ = {isa = PBXFileReference; fileEncoding = 4; lastKnownFileType = sourcecode.cpp.cpp; path = VCTSocketThread.cpp; sourceTree = "<group>"; };
		BFA746E01B95CB1500DC7B68 /* VCTSocketThread.h */ = {isa = PBXFileReference; fileEncoding = 4; lastKnownFileType = sourcecode.c.h; path = VCTSocketThread.h; sourceTree = "<group>"; };
		BFA746E21B95CB9000DC7B68 /* VCTPackage.cpp */ = {isa = PBXFileReference; fileEncoding = 4; lastKnownFileType = sourcecode.cpp.cpp; path = VCTPackage.cpp; sourceTree = "<group>"; };
		BFA746E31B95CB9000DC7B68 /* VCTPackage.h */ = {isa = PBXFileReference; fileEncoding = 4; lastKnownFileType = sourcecode.c.h; path = VCTPackage.h; sourceTree = "<group>"; };
		BFA746E51B95CBFF00DC7B68 /* VCTBasePackageDef.h */ = {isa = PBXFileReference; lastKnownFileType = sourcecode.c.h; path = VCTBasePackageDef.h; sourceTree = "<group>"; };
		BFA746E61B95CC3000DC7B68 /* VCTBaseTypeDef.h */ = {isa = PBXFileReference; lastKnownFileType = sourcecode.c.h; path = VCTBaseTypeDef.h; sourceTree = "<group>"; };
/* End PBXFileReference section */

/* Begin PBXFrameworksBuildPhase section */
		BFA2DA601B907FF200BC56A0 /* Frameworks */ = {
			isa = PBXFrameworksBuildPhase;
			buildActionMask = 2147483647;
			files = (
			);
			runOnlyForDeploymentPostprocessing = 0;
		};
/* End PBXFrameworksBuildPhase section */

/* Begin PBXGroup section */
		BFA2DA5A1B907FF200BC56A0 = {
			isa = PBXGroup;
			children = (
				BFA2DA651B907FF200BC56A0 /* VCTSocketClient */,
				BFA2DA641B907FF200BC56A0 /* Products */,
			);
			sourceTree = "<group>";
		};
		BFA2DA641B907FF200BC56A0 /* Products */ = {
			isa = PBXGroup;
			children = (
				BFA2DA631B907FF200BC56A0 /* VCTSocketClient */,
			);
			name = Products;
			sourceTree = "<group>";
		};
		BFA2DA651B907FF200BC56A0 /* VCTSocketClient */ = {
			isa = PBXGroup;
			children = (
				BFA2DA661B907FF200BC56A0 /* main.cpp */,
				BFA2DA801B90803E00BC56A0 /* VCTSocket.cpp */,
				BFA2DA811B90803E00BC56A0 /* VCTSocket.h */,
				BFA746DF1B95CB1500DC7B68 /* VCTSocketThread.cpp */,
				BFA746E01B95CB1500DC7B68 /* VCTSocketThread.h */,
				BF8AE3E41BDF664700362E86 /* VCTSocketLogic.cpp */,
				BF8AE3E51BDF664700362E86 /* VCTSocketLogic.h */,
				BFA746E21B95CB9000DC7B68 /* VCTPackage.cpp */,
				BFA746E31B95CB9000DC7B68 /* VCTPackage.h */,
				BFA746E61B95CC3000DC7B68 /* VCTBaseTypeDef.h */,
				BFA746E51B95CBFF00DC7B68 /* VCTBasePackageDef.h */,
			);
			path = VCTSocketClient;
			sourceTree = "<group>";
		};
/* End PBXGroup section */

/* Begin PBXNativeTarget section */
		BFA2DA621B907FF200BC56A0 /* VCTSocketClient */ = {
			isa = PBXNativeTarget;
			buildConfigurationList = BFA2DA6A1B907FF200BC56A0 /* Build configuration list for PBXNativeTarget "VCTSocketClient" */;
			buildPhases = (
				BFA2DA5F1B907FF200BC56A0 /* Sources */,
				BFA2DA601B907FF200BC56A0 /* Frameworks */,
				BFA2DA611B907FF200BC56A0 /* CopyFiles */,
			);
			buildRules = (
			);
			dependencies = (
			);
			name = VCTSocketClient;
			productName = VCTSocketClient;
			productReference = BFA2DA631B907FF200BC56A0 /* VCTSocketClient */;
			productType = "com.apple.product-type.tool";
		};
/* End PBXNativeTarget section */

/* Begin PBXProject section */
		BFA2DA5B1B907FF200BC56A0 /* Project object */ = {
			isa = PBXProject;
			attributes = {
				LastUpgradeCheck = 0640;
				ORGANIZATIONNAME = Vincent;
				TargetAttributes = {
					BFA2DA621B907FF200BC56A0 = {
						CreatedOnToolsVersion = 6.4;
					};
				};
			};
			buildConfigurationList = BFA2DA5E1B907FF200BC56A0 /* Build configuration list for PBXProject "VCTSocketClient" */;
			compatibilityVersion = "Xcode 3.2";
			developmentRegion = English;
			hasScannedForEncodings = 0;
			knownRegions = (
				en,
			);
			mainGroup = BFA2DA5A1B907FF200BC56A0;
			productRefGroup = BFA2DA641B907FF200BC56A0 /* Products */;
			projectDirPath = "";
			projectRoot = "";
			targets = (
				BFA2DA621B907FF200BC56A0 /* VCTSocketClient */,
			);
		};
/* End PBXProject section */

/* Begin PBXSourcesBuildPhase section */
		BFA2DA5F1B907FF200BC56A0 /* Sources */ = {
			isa = PBXSourcesBuildPhase;
			buildActionMask = 2147483647;
			files = (
				BFA746E41B95CB9000DC7B68 /* VCTPackage.cpp in Sources */,
				BFA746E11B95CB1500DC7B68 /* VCTSocketThread.cpp in Sources */,
				BF8AE3E61BDF664700362E86 /* VCTSocketLogic.cpp in Sources */,
				BFA2DA821B90803E00BC56A0 /* VCTSocket.cpp in Sources */,
				BFA2DA671B907FF200BC56A0 /* main.cpp in Sources */,
			);
			runOnlyForDeploymentPostprocessing = 0;
		};
/* End PBXSourcesBuildPhase section */

/* Begin XCBuildConfiguration section */
		BFA2DA681B907FF200BC56A0 /* Debug */ = {
			isa = XCBuildConfiguration;
			buildSettings = {
				ALWAYS_SEARCH_USER_PATHS = NO;
				CLANG_CXX_LANGUAGE_STANDARD = "gnu++0x";
				CLANG_CXX_LIBRARY = "libc++";
				CLANG_ENABLE_MODULES = YES;
				CLANG_ENABLE_OBJC_ARC = YES;
				CLANG_WARN_BOOL_CONVERSION = YES;
				CLANG_WARN_CONSTANT_CONVERSION = YES;
				CLANG_WARN_DIRECT_OBJC_ISA_USAGE = YES_ERROR;
				CLANG_WARN_EMPTY_BODY = YES;
				CLANG_WARN_ENUM_CONVERSION = YES;
				CLANG_WARN_INT_CONVERSION = YES;
				CLANG_WARN_OBJC_ROOT_CLASS = YES_ERROR;
				CLANG_WARN_UNREACHABLE_CODE = YES;
				CLANG_WARN__DUPLICATE_METHOD_MATCH = YES;
				COPY_PHASE_STRIP = NO;
				DEBUG_INFORMATION_FORMAT = dwarf;
				ENABLE_STRICT_OBJC_MSGSEND = YES;
				GCC_C_LANGUAGE_STANDARD = gnu99;
				GCC_DYNAMIC_NO_PIC = NO;
				GCC_NO_COMMON_BLOCKS = YES;
				GCC_OPTIMIZATION_LEVEL = 0;
				GCC_PREPROCESSOR_DEFINITIONS = (
					"DEBUG=1",
					"$(inherited)",
				);
				GCC_SYMBOLS_PRIVATE_EXTERN = NO;
				GCC_WARN_64_TO_32_BIT_CONVERSION = YES;
				GCC_WARN_ABOUT_RETURN_TYPE = YES_ERROR;
				GCC_WARN_UNDECLARED_SELECTOR = YES;
				GCC_WARN_UNINITIALIZED_AUTOS = YES_AGGRESSIVE;
				GCC_WARN_UNUSED_FUNCTION = YES;
				GCC_WARN_UNUSED_VARIABLE = YES;
				MACOSX_DEPLOYMENT_TARGET = 10.10;
				MTL_ENABLE_DEBUG_INFO = YES;
				ONLY_ACTIVE_ARCH = YES;
				SDKROOT = macosx;
			};
			name = Debug;
		};
		BFA2DA691B907FF200BC56A0 /* Release */ = {
			isa = XCBuildConfiguration;
			buildSettings = {
				ALWAYS_SEARCH_USER_PATHS = NO;
				CLANG_CXX_LANGUAGE_STANDARD = "gnu++0x";
				CLANG_CXX_LIBRARY = "libc++";
				CLANG_ENABLE_MODULES = YES;
				CLANG_ENABLE_OBJC_ARC = YES;
				CLANG_WARN_BOOL_CONVERSION = YES;
				CLANG_WARN_CONSTANT_CONVERSION = YES;
				CLANG_WARN_DIRECT_OBJC_ISA_USAGE = YES_ERROR;
				CLANG_WARN_EMPTY_BODY = YES;
				CLANG_WARN_ENUM_CONVERSION = YES;
				CLANG_WARN_INT_CONVERSION = YES;
				CLANG_WARN_OBJC_ROOT_CLASS = YES_ERROR;
				CLANG_WARN_UNREACHABLE_CODE = YES;
				CLANG_WARN__DUPLICATE_METHOD_MATCH = YES;
				COPY_PHASE_STRIP = NO;
				DEBUG_INFORMATION_FORMAT = "dwarf-with-dsym";
				ENABLE_NS_ASSERTIONS = NO;
				ENABLE_STRICT_OBJC_MSGSEND = YES;
				GCC_C_LANGUAGE_STANDARD = gnu99;
				GCC_NO_COMMON_BLOCKS = YES;
				GCC_WARN_64_TO_32_BIT_CONVERSION = YES;
				GCC_WARN_ABOUT_RETURN_TYPE = YES_ERROR;
				GCC_WARN_UNDECLARED_SELECTOR = YES;
				GCC_WARN_UNINITIALIZED_AUTOS = YES_AGGRESSIVE;
				GCC_WARN_UNUSED_FUNCTION = YES;
				GCC_WARN_UNUSED_VARIABLE = YES;
				MACOSX_DEPLOYMENT_TARGET = 10.10;
				MTL_ENABLE_DEBUG_INFO = NO;
				SDKROOT = macosx;
			};
			name = Release;
		};
		BFA2DA6B1B907FF200BC56A0 /* Debug */ = {
			isa = XCBuildConfiguration;
			buildSettings = {
				MACOSX_DEPLOYMENT_TARGET = 10.9;
				PRODUCT_NAME = "$(TARGET_NAME)";
				SDKROOT = macosx;
			};
			name = Debug;
		};
		BFA2DA6C1B907FF200BC56A0 /* Release */ = {
			isa = XCBuildConfiguration;
			buildSettings = {
				MACOSX_DEPLOYMENT_TARGET = 10.9;
				PRODUCT_NAME = "$(TARGET_NAME)";
				SDKROOT = macosx;
			};
			name = Release;
		};
/* End XCBuildConfiguration section */

/* Begin XCConfigurationList section */
		BFA2DA5E1B907FF200BC56A0 /* Build configuration list for PBXProject "VCTSocketClient" */ = {
			isa = XCConfigurationList;
			buildConfigurations = (
				BFA2DA681B907FF200BC56A0 /* Debug */,
				BFA2DA691B907FF200BC56A0 /* Release */,
			);
			defaultConfigurationIsVisible = 0;
			defaultConfigurationName = Release;
		};
		BFA2DA6A1B907FF200BC56A0 /* Build configuration list for PBXNativeTarget "VCTSocketClient" */ = {
			isa = XCConfigurationList;
			buildConfigurations = (
				BFA2DA6B1B907FF200BC56A0 /* Debug */,
				BFA2DA6C1B907FF200BC56A0 /* Release */,
			);
			defaultConfigurationIsVisible = 0;
			defaultConfigurationName = Release;
		};
/* End XCConfigurationList section */
	};
	rootObject = BFA2DA5B1B907FF200BC56A0 /* Project object */;
}
